
Microsoft Visual Studio Solution File, Format Version 12.00
# Visual Studio 15
VisualStudioVersion = 15.0.27428.2037
MinimumVisualStudioVersion = 10.0.40219.1
Project("{FAE04EC0-301F-11D3-BF4B-00C04F79EFBC}") = "SampleWebJobs.Core", "SampleWebJobs.Core\SampleWebJobs.Core.csproj", "{6A39B134-78D0-47C7-BA8B-3A734AA5C8CA}"
EndProject
Project("{FAE04EC0-301F-11D3-BF4B-00C04F79EFBC}") = "SampleWebJobs.Web", "SampleWebJobs.Web\SampleWebJobs.Web.csproj", "{E2AAB91F-FCB4-4BC4-B24C-67341D1F14A7}"
EndProject
Project("{FAE04EC0-301F-11D3-BF4B-00C04F79EFBC}") = "SampleWebJobs.BackgroundProcessor", "SampleWebJobs.BackgroundProcessor\SampleWebJobs.BackgroundProcessor.csproj", "{ED0DDCCE-B2AC-4ABF-A193-1CF5F0A1AE16}"
EndProject
Global
	GlobalSection(SolutionConfigurationPlatforms) = preSolution
		Debug|Any CPU = Debug|Any CPU
		Release|Any CPU = Release|Any CPU
	EndGlobalSection
	GlobalSection(ProjectConfigurationPlatforms) = postSolution
		{6A39B134-78D0-47C7-BA8B-3A734AA5C8CA}.Debug|Any CPU.ActiveCfg = Debug|Any CPU
		{6A39B134-78D0-47C7-BA8B-3A734AA5C8CA}.Debug|Any CPU.Build.0 = Debug|Any CPU
		{6A39B134-78D0-47C7-BA8B-3A734AA5C8CA}.Release|Any CPU.ActiveCfg = Release|Any CPU
		{6A39B134-78D0-47C7-BA8B-3A734AA5C8CA}.Release|Any CPU.Build.0 = Release|Any CPU
		{E2AAB91F-FCB4-4BC4-B24C-67341D1F14A7}.Debug|Any CPU.ActiveCfg = Debug|Any CPU
		{E2AAB91F-FCB4-4BC4-B24C-67341D1F14A7}.Debug|Any CPU.Build.0 = Debug|Any CPU
		{E2AAB91F-FCB4-4BC4-B24C-67341D1F14A7}.Release|Any CPU.ActiveCfg = Release|Any CPU
		{E2AAB91F-FCB4-4BC4-B24C-67341D1F14A7}.Release|Any CPU.Build.0 = Release|Any CPU
		{ED0DDCCE-B2AC-4ABF-A193-1CF5F0A1AE16}.Debug|Any CPU.ActiveCfg = Debug|Any CPU
		{ED0DDCCE-B2AC-4ABF-A193-1CF5F0A1AE16}.Debug|Any CPU.Build.0 = Debug|Any CPU
		{ED0DDCCE-B2AC-4ABF-A193-1CF5F0A1AE16}.Release|Any CPU.ActiveCfg = Release|Any CPU
		{ED0DDCCE-B2AC-4ABF-A193-1CF5F0A1AE16}.Release|Any CPU.Build.0 = Release|Any CPU
	EndGlobalSection
	GlobalSection(SolutionProperties) = preSolution
		HideSolutionNode = FALSE
	EndGlobalSection
	GlobalSection(ExtensibilityGlobals) = postSolution
		SolutionGuid = {A165CB1D-E15A-4DB4-BF0C-FA26464DDC30}
	EndGlobalSection
EndGlobal
